
Microsoft Visual Studio Solution File, Format Version 12.00
# Visual Studio 15
VisualStudioVersion = 15.0.28307.757
MinimumVisualStudioVersion = 10.0.40219.1
Project("{FAE04EC0-301F-11D3-BF4B-00C04F79EFBC}") = "CMS", "CMS\CMS.csproj", "{64B30884-3BF8-40B2-9016-9024CAADE993}"
EndProject
Global
	GlobalSection(SolutionConfigurationPlatforms) = preSolution
		Debug|Any CPU = Debug|Any CPU
		Release|Any CPU = Release|Any CPU
	EndGlobalSection
	GlobalSection(ProjectConfigurationPlatforms) = postSolution
		{64B30884-3BF8-40B2-9016-9024CAADE993}.Debug|Any CPU.ActiveCfg = Debug|Any CPU
		{64B30884-3BF8-40B2-9016-9024CAADE993}.Debug|Any CPU.Build.0 = Debug|Any CPU
		{64B30884-3BF8-40B2-9016-9024CAADE993}.Release|Any CPU.ActiveCfg = Release|Any CPU
		{64B30884-3BF8-40B2-9016-9024CAADE993}.Release|Any CPU.Build.0 = Release|Any CPU
	EndGlobalSection
	GlobalSection(SolutionProperties) = preSolution
		HideSolutionNode = FALSE
	EndGlobalSection
	GlobalSection(ExtensibilityGlobals) = postSolution
		SolutionGuid = {2B0A6347-C7E8-4FB2-B0C7-5A8A40B7E954}
	EndGlobalSection
EndGlobal
